
Microsoft Visual Studio Solution File, Format Version 12.00
# Visual Studio Version 17
VisualStudioVersion = 17.2.32516.85
MinimumVisualStudioVersion = 10.0.40219.1
Project("{FAE04EC0-301F-11D3-BF4B-00C04F79EFBC}") = "loops", "loops\loops.csproj", "{F670F0AD-4897-4B88-8308-F6BDE68C955B}"
EndProject
Project("{FAE04EC0-301F-11D3-BF4B-00C04F79EFBC}") = "whileLoop", "whileLoop\whileLoop.csproj", "{E623B23C-87A2-4B8E-974D-5897238A2B6F}"
EndProject
Global
	GlobalSection(SolutionConfigurationPlatforms) = preSolution
		Debug|Any CPU = Debug|Any CPU
		Release|Any CPU = Release|Any CPU
	EndGlobalSection
	GlobalSection(ProjectConfigurationPlatforms) = postSolution
		{F670F0AD-4897-4B88-8308-F6BDE68C955B}.Debug|Any CPU.ActiveCfg = Debug|Any CPU
		{F670F0AD-4897-4B88-8308-F6BDE68C955B}.Debug|Any CPU.Build.0 = Debug|Any CPU
		{F670F0AD-4897-4B88-8308-F6BDE68C955B}.Release|Any CPU.ActiveCfg = Release|Any CPU
		{F670F0AD-4897-4B88-8308-F6BDE68C955B}.Release|Any CPU.Build.0 = Release|Any CPU
		{E623B23C-87A2-4B8E-974D-5897238A2B6F}.Debug|Any CPU.ActiveCfg = Debug|Any CPU
		{E623B23C-87A2-4B8E-974D-5897238A2B6F}.Debug|Any CPU.Build.0 = Debug|Any CPU
		{E623B23C-87A2-4B8E-974D-5897238A2B6F}.Release|Any CPU.ActiveCfg = Release|Any CPU
		{E623B23C-87A2-4B8E-974D-5897238A2B6F}.Release|Any CPU.Build.0 = Release|Any CPU
	EndGlobalSection
	GlobalSection(SolutionProperties) = preSolution
		HideSolutionNode = FALSE
	EndGlobalSection
	GlobalSection(ExtensibilityGlobals) = postSolution
		SolutionGuid = {B5068853-2640-4921-B002-4902F3942358}
	EndGlobalSection
EndGlobal
